{"name":"chicken-fresh","version":"1.0.0","lockfileVersion":3,"requires":true,"packages":{"":{"name":"chicken-fresh","version":"1.0.0","private":true,"dependencies":{"@react-native-async-storage/async-storage":"^2.2.0","expo":"~53.0.0","react":"19.0.0","react-native":"0.79.2"},"devDependencies":{"@types/react":"~19.0.10","typescript":"~5.8.3"}},"node_modules/@react-native-async-storage/async-storage":{"version":"2.2.0","resolved":"https://registry.npmjs.org/@react-native-async-storage/async-storage/-/async-storage-2.2.0.tgz","integrity":"sha512-placeholder"}}}